
Microsoft Visual Studio Solution File, Format Version 12.00
# Visual Studio Version 16
VisualStudioVersion = 16.0.33214.272
MinimumVisualStudioVersion = 10.0.40219.1
Project("{FAE04EC0-301F-11D3-BF4B-00C04F79EFBC}") = "Zadanie_Five.Android", "Zadanie_Five.Android\Zadanie_Five.Android.csproj", "{5872EA9B-911B-4E8A-AC3A-09915F0EFDFB}"
EndProject
Project("{FAE04EC0-301F-11D3-BF4B-00C04F79EFBC}") = "Zadanie_Five", "Zadanie_Five\Zadanie_Five.csproj", "{1858CE27-EF9C-438E-A82E-71F146A87408}"
EndProject
Global
	GlobalSection(SolutionConfigurationPlatforms) = preSolution
		Debug|Any CPU = Debug|Any CPU
		Release|Any CPU = Release|Any CPU
	EndGlobalSection
	GlobalSection(ProjectConfigurationPlatforms) = postSolution
		{5872EA9B-911B-4E8A-AC3A-09915F0EFDFB}.Debug|Any CPU.ActiveCfg = Debug|Any CPU
		{5872EA9B-911B-4E8A-AC3A-09915F0EFDFB}.Debug|Any CPU.Build.0 = Debug|Any CPU
		{5872EA9B-911B-4E8A-AC3A-09915F0EFDFB}.Debug|Any CPU.Deploy.0 = Debug|Any CPU
		{5872EA9B-911B-4E8A-AC3A-09915F0EFDFB}.Release|Any CPU.ActiveCfg = Release|Any CPU
		{5872EA9B-911B-4E8A-AC3A-09915F0EFDFB}.Release|Any CPU.Build.0 = Release|Any CPU
		{5872EA9B-911B-4E8A-AC3A-09915F0EFDFB}.Release|Any CPU.Deploy.0 = Release|Any CPU
		{1858CE27-EF9C-438E-A82E-71F146A87408}.Debug|Any CPU.ActiveCfg = Debug|Any CPU
		{1858CE27-EF9C-438E-A82E-71F146A87408}.Debug|Any CPU.Build.0 = Debug|Any CPU
		{1858CE27-EF9C-438E-A82E-71F146A87408}.Debug|Any CPU.Deploy.0 = Debug|Any CPU
		{1858CE27-EF9C-438E-A82E-71F146A87408}.Release|Any CPU.ActiveCfg = Release|Any CPU
		{1858CE27-EF9C-438E-A82E-71F146A87408}.Release|Any CPU.Build.0 = Release|Any CPU
		{1858CE27-EF9C-438E-A82E-71F146A87408}.Release|Any CPU.Deploy.0 = Release|Any CPU
	EndGlobalSection
	GlobalSection(SolutionProperties) = preSolution
		HideSolutionNode = FALSE
	EndGlobalSection
	GlobalSection(ExtensibilityGlobals) = postSolution
		SolutionGuid = {FD4EEDE6-6193-47DE-8D12-951A0E528F36}
	EndGlobalSection
EndGlobal
